# Generated by move; do not edit
# This file should be checked in.

[move]
version = 4

[pinned.localnet.MoveStdlib]
source = { git = "https://github.com/MystenLabs/sui.git", subdir = "crates/sui-framework/packages/move-stdlib", rev = "85400e2bd37b490fcd057776e700d3fdca643396" }
use_environment = "localnet"
manifest_digest = "C4FE4C91DE74CBF223B2E380AE40F592177D21870DC2D7EB6227D2D694E05363"
deps = {}

[pinned.localnet.Sui]
source = { git = "https://github.com/MystenLabs/sui.git", subdir = "crates/sui-framework/packages/sui-framework", rev = "85400e2bd37b490fcd057776e700d3fdca643396" }
use_environment = "localnet"
manifest_digest = "CC15CB146CA1113370B03476BFF694B88F43F77D8DEE7C23CC0C78AB0634420D"
deps = { MoveStdlib = "MoveStdlib" }

[pinned.localnet.deepbook]
source = { local = "/Users/alilloig/workspace/deepbook-sandbox/sandbox/.external-packages/deepbook" }
use_environment = "localnet"
manifest_digest = "4BAB9E96E97FC6BD8F34897BCE58805CAF522315BE25AF0915E407D7CDDFE2B8"
deps = { std = "MoveStdlib", sui = "Sui", token = "token" }

[pinned.localnet.pyth]
source = { local = "/Users/alilloig/workspace/deepbook-sandbox/sandbox/packages/pyth" }
use_environment = "localnet"
manifest_digest = "EAE83E4C2C7D5B4EF605145EE3703A5AF265593E686986BA5E58EE3F5D5E884F"
deps = { std = "MoveStdlib", sui = "Sui" }

[pinned.localnet.token]
source = { local = "/Users/alilloig/workspace/deepbook-sandbox/sandbox/.external-packages/token" }
use_environment = "localnet"
manifest_digest = "EAE83E4C2C7D5B4EF605145EE3703A5AF265593E686986BA5E58EE3F5D5E884F"
deps = { std = "MoveStdlib", sui = "Sui" }

[pinned.localnet.tpsl_vault]
source = { root = true }
use_environment = "localnet"
manifest_digest = "1ABC513833C5696564EC6671A566D52EC30ACEED4D8CEAE8EDFA937E0392899B"
deps = { deepbook = "deepbook", pyth = "pyth", std = "MoveStdlib", sui = "Sui", token = "token", usdc = "usdc" }

[pinned.localnet.usdc]
source = { local = "/Users/alilloig/workspace/deepbook-sandbox/sandbox/packages/usdc" }
use_environment = "localnet"
manifest_digest = "EAE83E4C2C7D5B4EF605145EE3703A5AF265593E686986BA5E58EE3F5D5E884F"
deps = { std = "MoveStdlib", sui = "Sui" }
